
Microsoft Visual Studio Solution File, Format Version 12.00
# Visual Studio Version 16
VisualStudioVersion = 16.0.809.7
MinimumVisualStudioVersion = 10.0.40219.1
Project("{FAE04EC0-301F-11D3-BF4B-00C04F79EFBC}") = "CraigslistRenew", "CraigslistRenew.csproj", "{51B0DCDD-F321-46D6-91EF-7841377F1DAF}"
EndProject
Global
	GlobalSection(SolutionConfigurationPlatforms) = preSolution
		Debug|Any CPU = Debug|Any CPU
		Release|Any CPU = Release|Any CPU
	EndGlobalSection
	GlobalSection(ProjectConfigurationPlatforms) = postSolution
		{51B0DCDD-F321-46D6-91EF-7841377F1DAF}.Debug|Any CPU.ActiveCfg = Debug|Any CPU
		{51B0DCDD-F321-46D6-91EF-7841377F1DAF}.Debug|Any CPU.Build.0 = Debug|Any CPU
		{51B0DCDD-F321-46D6-91EF-7841377F1DAF}.Release|Any CPU.ActiveCfg = Release|Any CPU
		{51B0DCDD-F321-46D6-91EF-7841377F1DAF}.Release|Any CPU.Build.0 = Release|Any CPU
	EndGlobalSection
	GlobalSection(SolutionProperties) = preSolution
		HideSolutionNode = FALSE
	EndGlobalSection
	GlobalSection(ExtensibilityGlobals) = postSolution
		SolutionGuid = {FED22F32-C15E-4BCC-9B59-D268B03BB1FD}
	EndGlobalSection
	GlobalSection(MonoDevelopProperties) = preSolution
		Policies = $0
		$0.DotNetNamingPolicy = $1
		$1.DirectoryNamespaceAssociation = PrefixedHierarchical
		$0.StandardHeader = $2
	EndGlobalSection
EndGlobal
